// !$*UTF8*$!
{
	archiveVersion = 1;
	classes = {
	};
	objectVersion = 48;
	objects = {

/* Begin PBXBuildFile section */
		2FD4702220BE937B002467FD /* AppDelegate.m in Sources */ = {isa = PBXBuildFile; fileRef = 2FD4702120BE937B002467FD /* AppDelegate.m */; };
		2FD4702520BE937B002467FD /* ViewController.m in Sources */ = {isa = PBXBuildFile; fileRef = 2FD4702420BE937B002467FD /* ViewController.m */; };
		2FD4702820BE937B002467FD /* Main.storyboard in Resources */ = {isa = PBXBuildFile; fileRef = 2FD4702620BE937B002467FD /* Main.storyboard */; };
		2FD4702A20BE937B002467FD /* Assets.xcassets in Resources */ = {isa = PBXBuildFile; fileRef = 2FD4702920BE937B002467FD /* Assets.xcassets */; };
		2FD4702D20BE937B002467FD /* LaunchScreen.storyboard in Resources */ = {isa = PBXBuildFile; fileRef = 2FD4702B20BE937B002467FD /* LaunchScreen.storyboard */; };
		2FD4703020BE937B002467FD /* main.m in Sources */ = {isa = PBXBuildFile; fileRef = 2FD4702F20BE937B002467FD /* main.m */; };
/* End PBXBuildFile section */

/* Begin PBXFileReference section */
		2FD4701D20BE937B002467FD /* SMT_GCD_AudioPlayer.app */ = {isa = PBXFileReference; explicitFileType = wrapper.application; includeInIndex = 0; path = SMT_GCD_AudioPlayer.app; sourceTree = BUILT_PRODUCTS_DIR; };
		2FD4702020BE937B002467FD /* AppDelegate.h */ = {isa = PBXFileReference; lastKnownFileType = sourcecode.c.h; path = AppDelegate.h; sourceTree = "<group>"; };
		2FD4702120BE937B002467FD /* AppDelegate.m */ = {isa = PBXFileReference; lastKnownFileType = sourcecode.c.objc; path = AppDelegate.m; sourceTree = "<group>"; };
		2FD4702320BE937B002467FD /* ViewController.h */ = {isa = PBXFileReference; lastKnownFileType = sourcecode.c.h; path = ViewController.h; sourceTree = "<group>"; };
		2FD4702420BE937B002467FD /* ViewController.m */ = {isa = PBXFileReference; lastKnownFileType = sourcecode.c.objc; path = ViewController.m; sourceTree = "<group>"; };
		2FD4702720BE937B002467FD /* Base */ = {isa = PBXFileReference; lastKnownFileType = file.storyboard; name = Base; path = Base.lproj/Main.storyboard; sourceTree = "<group>"; };
		2FD4702920BE937B002467FD /* Assets.xcassets */ = {isa = PBXFileReference; lastKnownFileType = folder.assetcatalog; path = Assets.xcassets; sourceTree = "<group>"; };
		2FD4702C20BE937B002467FD /* Base */ = {isa = PBXFileReference; lastKnownFileType = file.storyboard; name = Base; path = Base.lproj/LaunchScreen.storyboard; sourceTree = "<group>"; };
		2FD4702E20BE937B002467FD /* Info.plist */ = {isa = PBXFileReference; lastKnownFileType = text.plist.xml; path = Info.plist; sourceTree = "<group>"; };
		2FD4702F20BE937B002467FD /* main.m */ = {isa = PBXFileReference; lastKnownFileType = sourcecode.c.objc; path = main.m; sourceTree = "<group>"; };
/* End PBXFileReference section */

/* Begin PBXFrameworksBuildPhase section */
		2FD4701A20BE937B002467FD /* Frameworks */ = {
			isa = PBXFrameworksBuildPhase;
			buildActionMask = 2147483647;
			files = (
			);
			runOnlyForDeploymentPostprocessing = 0;
		};
/* End PBXFrameworksBuildPhase section */

/* Begin PBXGroup section */
		2FD4701420BE937B002467FD = {
			isa = PBXGroup;
			children = (
				2FD4701F20BE937B002467FD /* SMT_GCD_AudioPlayer */,
				2FD4701E20BE937B002467FD /* Products */,
			);
			sourceTree = "<group>";
		};
		2FD4701E20BE937B002467FD /* Products */ = {
			isa = PBXGroup;
			children = (
				2FD4701D20BE937B002467FD /* SMT_GCD_AudioPlayer.app */,
			);
			name = Products;
			sourceTree = "<group>";
		};
		2FD4701F20BE937B002467FD /* SMT_GCD_AudioPlayer */ = {
			isa = PBXGroup;
			children = (
				2FD4702020BE937B002467FD /* AppDelegate.h */,
				2FD4702120BE937B002467FD /* AppDelegate.m */,
				2FD4702320BE937B002467FD /* ViewController.h */,
				2FD4702420BE937B002467FD /* ViewController.m */,
				2FD4702620BE937B002467FD /* Main.storyboard */,
				2FD4702920BE937B002467FD /* Assets.xcassets */,
				2FD4702B20BE937B002467FD /* LaunchScreen.storyboard */,
				2FD4702E20BE937B002467FD /* Info.plist */,
				2FD4702F20BE937B002467FD /* main.m */,
			);
			path = SMT_GCD_AudioPlayer;
			sourceTree = "<group>";
		};
/* End PBXGroup section */

/* Begin PBXNativeTarget section */
		2FD4701C20BE937B002467FD /* SMT_GCD_AudioPlayer */ = {
			isa = PBXNativeTarget;
			buildConfigurationList = 2FD4703320BE937B002467FD /* Build configuration list for PBXNativeTarget "SMT_GCD_AudioPlayer" */;
			buildPhases = (
				2FD4701920BE937B002467FD /* Sources */,
				2FD4701A20BE937B002467FD /* Frameworks */,
				2FD4701B20BE937B002467FD /* Resources */,
			);
			buildRules = (
			);
			dependencies = (
			);
			name = SMT_GCD_AudioPlayer;
			productName = SMT_GCD_AudioPlayer;
			productReference = 2FD4701D20BE937B002467FD /* SMT_GCD_AudioPlayer.app */;
			productType = "com.apple.product-type.application";
		};
/* End PBXNativeTarget section */

/* Begin PBXProject section */
		2FD4701520BE937B002467FD /* Project object */ = {
			isa = PBXProject;
			attributes = {
				LastUpgradeCheck = 0920;
				ORGANIZATIONNAME = SeaMoonTime;
				TargetAttributes = {
					2FD4701C20BE937B002467FD = {
						CreatedOnToolsVersion = 9.2;
						ProvisioningStyle = Automatic;
					};
				};
			};
			buildConfigurationList = 2FD4701820BE937B002467FD /* Build configuration list for PBXProject "SMT_GCD_AudioPlayer" */;
			compatibilityVersion = "Xcode 8.0";
			developmentRegion = en;
			hasScannedForEncodings = 0;
			knownRegions = (
				en,
				Base,
			);
			mainGroup = 2FD4701420BE937B002467FD;
			productRefGroup = 2FD4701E20BE937B002467FD /* Products */;
			projectDirPath = "";
			projectRoot = "";
			targets = (
				2FD4701C20BE937B002467FD /* SMT_GCD_AudioPlayer */,
			);
		};
/* End PBXProject section */

/* Begin PBXResourcesBuildPhase section */
		2FD4701B20BE937B002467FD /* Resources */ = {
			isa = PBXResourcesBuildPhase;
			buildActionMask = 2147483647;
			files = (
				2FD4702D20BE937B002467FD /* LaunchScreen.storyboard in Resources */,
				2FD4702A20BE937B002467FD /* Assets.xcassets in Resources */,
				2FD4702820BE937B002467FD /* Main.storyboard in Resources */,
			);
			runOnlyForDeploymentPostprocessing = 0;
		};
/* End PBXResourcesBuildPhase section */

/* Begin PBXSourcesBuildPhase section */
		2FD4701920BE937B002467FD /* Sources */ = {
			isa = PBXSourcesBuildPhase;
			buildActionMask = 2147483647;
			files = (
				2FD4702520BE937B002467FD /* ViewController.m in Sources */,
				2FD4703020BE937B002467FD /* main.m in Sources */,
				2FD4702220BE937B002467FD /* AppDelegate.m in Sources */,
			);
			runOnlyForDeploymentPostprocessing = 0;
		};
/* End PBXSourcesBuildPhase section */

/* Begin PBXVariantGroup section */
		2FD4702620BE937B002467FD /* Main.storyboard */ = {
			isa = PBXVariantGroup;
			children = (
				2FD4702720BE937B002467FD /* Base */,
			);
			name = Main.storyboard;
			sourceTree = "<group>";
		};
		2FD4702B20BE937B002467FD /* LaunchScreen.storyboard */ = {
			isa = PBXVariantGroup;
			children = (
				2FD4702C20BE937B002467FD /* Base */,
			);
			name = LaunchScreen.storyboard;
			sourceTree = "<group>";
		};
/* End PBXVariantGroup section */

/* Begin XCBuildConfiguration section */
		2FD4703120BE937B002467FD /* Debug */ = {
			isa = XCBuildConfiguration;
			buildSettings = {
				ALWAYS_SEARCH_USER_PATHS = NO;
				CLANG_ANALYZER_NONNULL = YES;
				CLANG_ANALYZER_NUMBER_OBJECT_CONVERSION = YES_AGGRESSIVE;
				CLANG_CXX_LANGUAGE_STANDARD = "gnu++14";
				CLANG_CXX_LIBRARY = "libc++";
				CLANG_ENABLE_MODULES = YES;
				CLANG_ENABLE_OBJC_ARC = YES;
				CLANG_WARN_BLOCK_CAPTURE_AUTORELEASING = YES;
				CLANG_WARN_BOOL_CONVERSION = YES;
				CLANG_WARN_COMMA = YES;
				CLANG_WARN_CONSTANT_CONVERSION = YES;
				CLANG_WARN_DIRECT_OBJC_ISA_USAGE = YES_ERROR;
				CLANG_WARN_DOCUMENTATION_COMMENTS = YES;
				CLANG_WARN_EMPTY_BODY = YES;
				CLANG_WARN_ENUM_CONVERSION = YES;
				CLANG_WARN_INFINITE_RECURSION = YES;
				CLANG_WARN_INT_CONVERSION = YES;
				CLANG_WARN_NON_LITERAL_NULL_CONVERSION = YES;
				CLANG_WARN_OBJC_LITERAL_CONVERSION = YES;
				CLANG_WARN_OBJC_ROOT_CLASS = YES_ERROR;
				CLANG_WARN_RANGE_LOOP_ANALYSIS = YES;
				CLANG_WARN_STRICT_PROTOTYPES = YES;
				CLANG_WARN_SUSPICIOUS_MOVE = YES;
				CLANG_WARN_UNGUARDED_AVAILABILITY = YES_AGGRESSIVE;
				CLANG_WARN_UNREACHABLE_CODE = YES;
				CLANG_WARN__DUPLICATE_METHOD_MATCH = YES;
				CODE_SIGN_IDENTITY = "iPhone Developer";
				COPY_PHASE_STRIP = NO;
				DEBUG_INFORMATION_FORMAT = dwarf;
				ENABLE_STRICT_OBJC_MSGSEND = YES;
				ENABLE_TESTABILITY = YES;
				GCC_C_LANGUAGE_STANDARD = gnu11;
				GCC_DYNAMIC_NO_PIC = NO;
				GCC_NO_COMMON_BLOCKS = YES;
				GCC_OPTIMIZATION_LEVEL = 0;
				GCC_PREPROCESSOR_DEFINITIONS = (
					"DEBUG=1",
					"$(inherited)",
				);
				GCC_WARN_64_TO_32_BIT_CONVERSION = YES;
				GCC_WARN_ABOUT_RETURN_TYPE = YES_ERROR;
				GCC_WARN_UNDECLARED_SELECTOR = YES;
				GCC_WARN_UNINITIALIZED_AUTOS = YES_AGGRESSIVE;
				GCC_WARN_UNUSED_FUNCTION = YES;
				GCC_WARN_UNUSED_VARIABLE = YES;
				IPHONEOS_DEPLOYMENT_TARGET = 11.2;
				MTL_ENABLE_DEBUG_INFO = YES;
				ONLY_ACTIVE_ARCH = YES;
				SDKROOT = iphoneos;
			};
			name = Debug;
		};
		2FD4703220BE937B002467FD /* Release */ = {
			isa = XCBuildConfiguration;
			buildSettings = {
				ALWAYS_SEARCH_USER_PATHS = NO;
				CLANG_ANALYZER_NONNULL = YES;
				CLANG_ANALYZER_NUMBER_OBJECT_CONVERSION = YES_AGGRESSIVE;
				CLANG_CXX_LANGUAGE_STANDARD = "gnu++14";
				CLANG_CXX_LIBRARY = "libc++";
				CLANG_ENABLE_MODULES = YES;
				CLANG_ENABLE_OBJC_ARC = YES;
				CLANG_WARN_BLOCK_CAPTURE_AUTORELEASING = YES;
				CLANG_WARN_BOOL_CONVERSION = YES;
				CLANG_WARN_COMMA = YES;
				CLANG_WARN_CONSTANT_CONVERSION = YES;
				CLANG_WARN_DIRECT_OBJC_ISA_USAGE = YES_ERROR;
				CLANG_WARN_DOCUMENTATION_COMMENTS = YES;
				CLANG_WARN_EMPTY_BODY = YES;
				CLANG_WARN_ENUM_CONVERSION = YES;
				CLANG_WARN_INFINITE_RECURSION = YES;
				CLANG_WARN_INT_CONVERSION = YES;
				CLANG_WARN_NON_LITERAL_NULL_CONVERSION = YES;
				CLANG_WARN_OBJC_LITERAL_CONVERSION = YES;
				CLANG_WARN_OBJC_ROOT_CLASS = YES_ERROR;
				CLANG_WARN_RANGE_LOOP_ANALYSIS = YES;
				CLANG_WARN_STRICT_PROTOTYPES = YES;
				CLANG_WARN_SUSPICIOUS_MOVE = YES;
				CLANG_WARN_UNGUARDED_AVAILABILITY = YES_AGGRESSIVE;
				CLANG_WARN_UNREACHABLE_CODE = YES;
				CLANG_WARN__DUPLICATE_METHOD_MATCH = YES;
				CODE_SIGN_IDENTITY = "iPhone Developer";
				COPY_PHASE_STRIP = NO;
				DEBUG_INFORMATION_FORMAT = "dwarf-with-dsym";
				ENABLE_NS_ASSERTIONS = NO;
				ENABLE_STRICT_OBJC_MSGSEND = YES;
				GCC_C_LANGUAGE_STANDARD = gnu11;
				GCC_NO_COMMON_BLOCKS = YES;
				GCC_WARN_64_TO_32_BIT_CONVERSION = YES;
				GCC_WARN_ABOUT_RETURN_TYPE = YES_ERROR;
				GCC_WARN_UNDECLARED_SELECTOR = YES;
				GCC_WARN_UNINITIALIZED_AUTOS = YES_AGGRESSIVE;
				GCC_WARN_UNUSED_FUNCTION = YES;
				GCC_WARN_UNUSED_VARIABLE = YES;
				IPHONEOS_DEPLOYMENT_TARGET = 11.2;
				MTL_ENABLE_DEBUG_INFO = NO;
				SDKROOT = iphoneos;
				VALIDATE_PRODUCT = YES;
			};
			name = Release;
		};
		2FD4703420BE937B002467FD /* Debug */ = {
			isa = XCBuildConfiguration;
			buildSettings = {
				ASSETCATALOG_COMPILER_APPICON_NAME = AppIcon;
				CODE_SIGN_STYLE = Automatic;
				DEVELOPMENT_TEAM = EH8PS6NQSM;
				INFOPLIST_FILE = SMT_GCD_AudioPlayer/Info.plist;
				LD_RUNPATH_SEARCH_PATHS = "$(inherited) @executable_path/Frameworks";
				PRODUCT_BUNDLE_IDENTIFIER = "SeaMoonTime.SMT-GCD-AudioPlayer";
				PRODUCT_NAME = "$(TARGET_NAME)";
				TARGETED_DEVICE_FAMILY = "1,2";
			};
			name = Debug;
		};
		2FD4703520BE937B002467FD /* Release */ = {
			isa = XCBuildConfiguration;
			buildSettings = {
				ASSETCATALOG_COMPILER_APPICON_NAME = AppIcon;
				CODE_SIGN_STYLE = Automatic;
				DEVELOPMENT_TEAM = EH8PS6NQSM;
				INFOPLIST_FILE = SMT_GCD_AudioPlayer/Info.plist;
				LD_RUNPATH_SEARCH_PATHS = "$(inherited) @executable_path/Frameworks";
				PRODUCT_BUNDLE_IDENTIFIER = "SeaMoonTime.SMT-GCD-AudioPlayer";
				PRODUCT_NAME = "$(TARGET_NAME)";
				TARGETED_DEVICE_FAMILY = "1,2";
			};
			name = Release;
		};
/* End XCBuildConfiguration section */

/* Begin XCConfigurationList section */
		2FD4701820BE937B002467FD /* Build configuration list for PBXProject "SMT_GCD_AudioPlayer" */ = {
			isa = XCConfigurationList;
			buildConfigurations = (
				2FD4703120BE937B002467FD /* Debug */,
				2FD4703220BE937B002467FD /* Release */,
			);
			defaultConfigurationIsVisible = 0;
			defaultConfigurationName = Release;
		};
		2FD4703320BE937B002467FD /* Build configuration list for PBXNativeTarget "SMT_GCD_AudioPlayer" */ = {
			isa = XCConfigurationList;
			buildConfigurations = (
				2FD4703420BE937B002467FD /* Debug */,
				2FD4703520BE937B002467FD /* Release */,
			);
			defaultConfigurationIsVisible = 0;
			defaultConfigurationName = Release;
		};
/* End XCConfigurationList section */
	};
	rootObject = 2FD4701520BE937B002467FD /* Project object */;
}
